PODS:
  - Bivrost (0.1.0)
  - Nimble (7.0.1)
  - Quick (1.1.0)

DEPENDENCIES:
  - Bivrost (from `../`)
  - Nimble (from `https://github.com/Quick/Nimble.git`)
  - Quick (from `https://github.com/Quick/Quick.git`)

EXTERNAL SOURCES:
  Bivrost:
    :path: ../
  Nimble:
    :git: https://github.com/Quick/Nimble.git
  Quick:
    :git: https://github.com/Quick/Quick.git

CHECKOUT OPTIONS:
  Nimble:
    :commit: a63252b16eba6cdebec4e4936388c90552165a68
    :git: https://github.com/Quick/Nimble.git
  Quick:
    :commit: 3665ae9570b682a562df847cccbb46811864676a
    :git: https://github.com/Quick/Quick.git

SPEC CHECKSUMS:
  Bivrost: c7c346a4ccd08bb6add7c741a099aa8f7b2dce7e
  Nimble: 1b6670c36e5750169b9e4cc2e9cfa82a7603c69e
  Quick: 4700beb8056662b579facd79eaca7f04fb3d48e6

PODFILE CHECKSUM: 6f2e1cfe3eb67ff08fb29d0869c6f06a34526cce

COCOAPODS: 1.3.1
